
Microsoft Visual Studio Solution File, Format Version 12.00
# Visual Studio 15
VisualStudioVersion = 15.0.27130.2010
MinimumVisualStudioVersion = 10.0.40219.1
Project("{FAE04EC0-301F-11D3-BF4B-00C04F79EFBC}") = "WinformsMVPTest", "WinformsMVPTest\WinformsMVPTest.csproj", "{3C2796DB-445D-4A1C-BE9E-B47F8A56ED6C}"
EndProject
Project("{9A19103F-16F7-4668-BE54-9A1E7A4F7556}") = "WinformsMVPTest.Data", "WinformsMVPTest.Data\WinformsMVPTest.Data.csproj", "{1389E89D-BA72-40A9-85E7-6AA60D49D86C}"
EndProject
Project("{9A19103F-16F7-4668-BE54-9A1E7A4F7556}") = "WinformsMVPTest.Domain", "WinformsMVPTest.Domain\WinformsMVPTest.Domain.csproj", "{1989EB23-CD13-421D-AE7D-7F0B52222F2D}"
EndProject
Global
	GlobalSection(SolutionConfigurationPlatforms) = preSolution
		Debug|Any CPU = Debug|Any CPU
		Release|Any CPU = Release|Any CPU
	EndGlobalSection
	GlobalSection(ProjectConfigurationPlatforms) = postSolution
		{3C2796DB-445D-4A1C-BE9E-B47F8A56ED6C}.Debug|Any CPU.ActiveCfg = Debug|Any CPU
		{3C2796DB-445D-4A1C-BE9E-B47F8A56ED6C}.Debug|Any CPU.Build.0 = Debug|Any CPU
		{3C2796DB-445D-4A1C-BE9E-B47F8A56ED6C}.Release|Any CPU.ActiveCfg = Release|Any CPU
		{3C2796DB-445D-4A1C-BE9E-B47F8A56ED6C}.Release|Any CPU.Build.0 = Release|Any CPU
		{1389E89D-BA72-40A9-85E7-6AA60D49D86C}.Debug|Any CPU.ActiveCfg = Debug|Any CPU
		{1389E89D-BA72-40A9-85E7-6AA60D49D86C}.Debug|Any CPU.Build.0 = Debug|Any CPU
		{1389E89D-BA72-40A9-85E7-6AA60D49D86C}.Release|Any CPU.ActiveCfg = Release|Any CPU
		{1389E89D-BA72-40A9-85E7-6AA60D49D86C}.Release|Any CPU.Build.0 = Release|Any CPU
		{1989EB23-CD13-421D-AE7D-7F0B52222F2D}.Debug|Any CPU.ActiveCfg = Debug|Any CPU
		{1989EB23-CD13-421D-AE7D-7F0B52222F2D}.Debug|Any CPU.Build.0 = Debug|Any CPU
		{1989EB23-CD13-421D-AE7D-7F0B52222F2D}.Release|Any CPU.ActiveCfg = Release|Any CPU
		{1989EB23-CD13-421D-AE7D-7F0B52222F2D}.Release|Any CPU.Build.0 = Release|Any CPU
	EndGlobalSection
	GlobalSection(SolutionProperties) = preSolution
		HideSolutionNode = FALSE
	EndGlobalSection
	GlobalSection(ExtensibilityGlobals) = postSolution
		SolutionGuid = {0B60E15B-83D4-4A6F-AAB2-A2F2A602DD9B}
	EndGlobalSection
EndGlobal
